
Microsoft Visual Studio Solution File, Format Version 12.00
# Visual Studio Version 17
VisualStudioVersion = 17.10.35027.167
MinimumVisualStudioVersion = 10.0.40219.1
Project("{FAE04EC0-301F-11D3-BF4B-00C04F79EFBC}") = "to-do-list", "to-do-list.csproj", "{32806445-A312-4E6A-A335-B886CF654130}"
EndProject
Global
	GlobalSection(SolutionConfigurationPlatforms) = preSolution
		Debug|Any CPU = Debug|Any CPU
		Release|Any CPU = Release|Any CPU
	EndGlobalSection
	GlobalSection(ProjectConfigurationPlatforms) = postSolution
		{32806445-A312-4E6A-A335-B886CF654130}.Debug|Any CPU.ActiveCfg = Debug|Any CPU
		{32806445-A312-4E6A-A335-B886CF654130}.Debug|Any CPU.Build.0 = Debug|Any CPU
		{32806445-A312-4E6A-A335-B886CF654130}.Release|Any CPU.ActiveCfg = Release|Any CPU
		{32806445-A312-4E6A-A335-B886CF654130}.Release|Any CPU.Build.0 = Release|Any CPU
	EndGlobalSection
	GlobalSection(SolutionProperties) = preSolution
		HideSolutionNode = FALSE
	EndGlobalSection
	GlobalSection(ExtensibilityGlobals) = postSolution
		SolutionGuid = {327A2231-7B64-4D1D-BC34-F18DA87D29F4}
	EndGlobalSection
EndGlobal
